// !$*UTF8*$!
{
	archiveVersion = 1;
	classes = {
	};
	objectVersion = 46;
	objects = {

/* Begin PBXBuildFile section */
		E310D6F41E49382700D37B4F /* BrushExampleView.swift in Sources */ = {isa = PBXBuildFile; fileRef = E310D6F31E49382700D37B4F /* BrushExampleView.swift */; };
		E317A45D1E46CEF30000417A /* AppDelegate.swift in Sources */ = {isa = PBXBuildFile; fileRef = E317A45C1E46CEF30000417A /* AppDelegate.swift */; };
		E317A45F1E46CEF30000417A /* ViewController.swift in Sources */ = {isa = PBXBuildFile; fileRef = E317A45E1E46CEF30000417A /* ViewController.swift */; };
		E317A4641E46CEF30000417A /* Assets.xcassets in Resources */ = {isa = PBXBuildFile; fileRef = E317A4631E46CEF30000417A /* Assets.xcassets */; };
		E317A46F1E46D5170000417A /* RedSelectorView.swift in Sources */ = {isa = PBXBuildFile; fileRef = E317A46E1E46D5170000417A /* RedSelectorView.swift */; };
		E36BAC621E4918300024001D /* BrushCapView.swift in Sources */ = {isa = PBXBuildFile; fileRef = E36BAC611E4918300024001D /* BrushCapView.swift */; };
		E36BAC641E4921090024001D /* BrushJoinView.swift in Sources */ = {isa = PBXBuildFile; fileRef = E36BAC631E4921090024001D /* BrushJoinView.swift */; };
		E3BF1CDF1E48563B00C6AC4B /* GreenSelectorView.swift in Sources */ = {isa = PBXBuildFile; fileRef = E3BF1CDE1E48563B00C6AC4B /* GreenSelectorView.swift */; };
		E3BF1CE11E48569700C6AC4B /* BlueSelectorView.swift in Sources */ = {isa = PBXBuildFile; fileRef = E3BF1CE01E48569700C6AC4B /* BlueSelectorView.swift */; };
		E3BF1CE31E4859FA00C6AC4B /* ColorSelectorView.swift in Sources */ = {isa = PBXBuildFile; fileRef = E3BF1CE21E4859FA00C6AC4B /* ColorSelectorView.swift */; };
/* End PBXBuildFile section */

/* Begin PBXFileReference section */
		E310D6F31E49382700D37B4F /* BrushExampleView.swift */ = {isa = PBXFileReference; fileEncoding = 4; lastKnownFileType = sourcecode.swift; path = BrushExampleView.swift; sourceTree = "<group>"; };
		E317A4591E46CEF30000417A /* BrushSelector.app */ = {isa = PBXFileReference; explicitFileType = wrapper.application; includeInIndex = 0; path = BrushSelector.app; sourceTree = BUILT_PRODUCTS_DIR; };
		E317A45C1E46CEF30000417A /* AppDelegate.swift */ = {isa = PBXFileReference; lastKnownFileType = sourcecode.swift; path = AppDelegate.swift; sourceTree = "<group>"; };
		E317A45E1E46CEF30000417A /* ViewController.swift */ = {isa = PBXFileReference; lastKnownFileType = sourcecode.swift; path = ViewController.swift; sourceTree = "<group>"; };
		E317A4631E46CEF30000417A /* Assets.xcassets */ = {isa = PBXFileReference; lastKnownFileType = folder.assetcatalog; path = Assets.xcassets; sourceTree = "<group>"; };
		E317A4681E46CEF30000417A /* Info.plist */ = {isa = PBXFileReference; lastKnownFileType = text.plist.xml; path = Info.plist; sourceTree = "<group>"; };
		E317A46E1E46D5170000417A /* RedSelectorView.swift */ = {isa = PBXFileReference; fileEncoding = 4; lastKnownFileType = sourcecode.swift; path = RedSelectorView.swift; sourceTree = "<group>"; };
		E36BAC611E4918300024001D /* BrushCapView.swift */ = {isa = PBXFileReference; fileEncoding = 4; lastKnownFileType = sourcecode.swift; path = BrushCapView.swift; sourceTree = "<group>"; };
		E36BAC631E4921090024001D /* BrushJoinView.swift */ = {isa = PBXFileReference; fileEncoding = 4; lastKnownFileType = sourcecode.swift; path = BrushJoinView.swift; sourceTree = "<group>"; };
		E3BF1CDE1E48563B00C6AC4B /* GreenSelectorView.swift */ = {isa = PBXFileReference; fileEncoding = 4; lastKnownFileType = sourcecode.swift; path = GreenSelectorView.swift; sourceTree = "<group>"; };
		E3BF1CE01E48569700C6AC4B /* BlueSelectorView.swift */ = {isa = PBXFileReference; fileEncoding = 4; lastKnownFileType = sourcecode.swift; path = BlueSelectorView.swift; sourceTree = "<group>"; };
		E3BF1CE21E4859FA00C6AC4B /* ColorSelectorView.swift */ = {isa = PBXFileReference; fileEncoding = 4; lastKnownFileType = sourcecode.swift; path = ColorSelectorView.swift; sourceTree = "<group>"; };
/* End PBXFileReference section */

/* Begin PBXFrameworksBuildPhase section */
		E317A4561E46CEF20000417A /* Frameworks */ = {
			isa = PBXFrameworksBuildPhase;
			buildActionMask = 2147483647;
			files = (
			);
			runOnlyForDeploymentPostprocessing = 0;
		};
/* End PBXFrameworksBuildPhase section */

/* Begin PBXGroup section */
		E317A4501E46CEF20000417A = {
			isa = PBXGroup;
			children = (
				E317A45B1E46CEF30000417A /* BrushSelector */,
				E317A45A1E46CEF30000417A /* Products */,
			);
			sourceTree = "<group>";
		};
		E317A45A1E46CEF30000417A /* Products */ = {
			isa = PBXGroup;
			children = (
				E317A4591E46CEF30000417A /* BrushSelector.app */,
			);
			name = Products;
			sourceTree = "<group>";
		};
		E317A45B1E46CEF30000417A /* BrushSelector */ = {
			isa = PBXGroup;
			children = (
				E317A45C1E46CEF30000417A /* AppDelegate.swift */,
				E317A45E1E46CEF30000417A /* ViewController.swift */,
				E317A4631E46CEF30000417A /* Assets.xcassets */,
				E317A4681E46CEF30000417A /* Info.plist */,
				E317A46E1E46D5170000417A /* RedSelectorView.swift */,
				E3BF1CDE1E48563B00C6AC4B /* GreenSelectorView.swift */,
				E3BF1CE01E48569700C6AC4B /* BlueSelectorView.swift */,
				E3BF1CE21E4859FA00C6AC4B /* ColorSelectorView.swift */,
				E36BAC611E4918300024001D /* BrushCapView.swift */,
				E36BAC631E4921090024001D /* BrushJoinView.swift */,
				E310D6F31E49382700D37B4F /* BrushExampleView.swift */,
			);
			path = BrushSelector;
			sourceTree = "<group>";
		};
/* End PBXGroup section */

/* Begin PBXNativeTarget section */
		E317A4581E46CEF20000417A /* BrushSelector */ = {
			isa = PBXNativeTarget;
			buildConfigurationList = E317A46B1E46CEF30000417A /* Build configuration list for PBXNativeTarget "BrushSelector" */;
			buildPhases = (
				E317A4551E46CEF20000417A /* Sources */,
				E317A4561E46CEF20000417A /* Frameworks */,
				E317A4571E46CEF20000417A /* Resources */,
			);
			buildRules = (
			);
			dependencies = (
			);
			name = BrushSelector;
			productName = BrushSelector;
			productReference = E317A4591E46CEF30000417A /* BrushSelector.app */;
			productType = "com.apple.product-type.application";
		};
/* End PBXNativeTarget section */

/* Begin PBXProject section */
		E317A4511E46CEF20000417A /* Project object */ = {
			isa = PBXProject;
			attributes = {
				LastSwiftUpdateCheck = 0820;
				LastUpgradeCheck = 0820;
				ORGANIZATIONNAME = cs4530;
				TargetAttributes = {
					E317A4581E46CEF20000417A = {
						CreatedOnToolsVersion = 8.2;
						ProvisioningStyle = Automatic;
					};
				};
			};
			buildConfigurationList = E317A4541E46CEF20000417A /* Build configuration list for PBXProject "BrushSelector" */;
			compatibilityVersion = "Xcode 3.2";
			developmentRegion = English;
			hasScannedForEncodings = 0;
			knownRegions = (
				en,
				Base,
			);
			mainGroup = E317A4501E46CEF20000417A;
			productRefGroup = E317A45A1E46CEF30000417A /* Products */;
			projectDirPath = "";
			projectRoot = "";
			targets = (
				E317A4581E46CEF20000417A /* BrushSelector */,
			);
		};
/* End PBXProject section */

/* Begin PBXResourcesBuildPhase section */
		E317A4571E46CEF20000417A /* Resources */ = {
			isa = PBXResourcesBuildPhase;
			buildActionMask = 2147483647;
			files = (
				E317A4641E46CEF30000417A /* Assets.xcassets in Resources */,
			);
			runOnlyForDeploymentPostprocessing = 0;
		};
/* End PBXResourcesBuildPhase section */

/* Begin PBXSourcesBuildPhase section */
		E317A4551E46CEF20000417A /* Sources */ = {
			isa = PBXSourcesBuildPhase;
			buildActionMask = 2147483647;
			files = (
				E317A45F1E46CEF30000417A /* ViewController.swift in Sources */,
				E317A46F1E46D5170000417A /* RedSelectorView.swift in Sources */,
				E36BAC621E4918300024001D /* BrushCapView.swift in Sources */,
				E317A45D1E46CEF30000417A /* AppDelegate.swift in Sources */,
				E310D6F41E49382700D37B4F /* BrushExampleView.swift in Sources */,
				E3BF1CE11E48569700C6AC4B /* BlueSelectorView.swift in Sources */,
				E36BAC641E4921090024001D /* BrushJoinView.swift in Sources */,
				E3BF1CE31E4859FA00C6AC4B /* ColorSelectorView.swift in Sources */,
				E3BF1CDF1E48563B00C6AC4B /* GreenSelectorView.swift in Sources */,
			);
			runOnlyForDeploymentPostprocessing = 0;
		};
/* End PBXSourcesBuildPhase section */

/* Begin XCBuildConfiguration section */
		E317A4691E46CEF30000417A /* Debug */ = {
			isa = XCBuildConfiguration;
			buildSettings = {
				ALWAYS_SEARCH_USER_PATHS = NO;
				CLANG_ANALYZER_NONNULL = YES;
				CLANG_CXX_LANGUAGE_STANDARD = "gnu++0x";
				CLANG_CXX_LIBRARY = "libc++";
				CLANG_ENABLE_MODULES = YES;
				CLANG_ENABLE_OBJC_ARC = YES;
				CLANG_WARN_BOOL_CONVERSION = YES;
				CLANG_WARN_CONSTANT_CONVERSION = YES;
				CLANG_WARN_DIRECT_OBJC_ISA_USAGE = YES_ERROR;
				CLANG_WARN_DOCUMENTATION_COMMENTS = YES;
				CLANG_WARN_EMPTY_BODY = YES;
				CLANG_WARN_ENUM_CONVERSION = YES;
				CLANG_WARN_INFINITE_RECURSION = YES;
				CLANG_WARN_INT_CONVERSION = YES;
				CLANG_WARN_OBJC_ROOT_CLASS = YES_ERROR;
				CLANG_WARN_SUSPICIOUS_MOVE = YES;
				CLANG_WARN_UNREACHABLE_CODE = YES;
				CLANG_WARN__DUPLICATE_METHOD_MATCH = YES;
				"CODE_SIGN_IDENTITY[sdk=iphoneos*]" = "iPhone Developer";
				COPY_PHASE_STRIP = NO;
				DEBUG_INFORMATION_FORMAT = dwarf;
				ENABLE_STRICT_OBJC_MSGSEND = YES;
				ENABLE_TESTABILITY = YES;
				GCC_C_LANGUAGE_STANDARD = gnu99;
				GCC_DYNAMIC_NO_PIC = NO;
				GCC_NO_COMMON_BLOCKS = YES;
				GCC_OPTIMIZATION_LEVEL = 0;
				GCC_PREPROCESSOR_DEFINITIONS = (
					"DEBUG=1",
					"$(inherited)",
				);
				GCC_WARN_64_TO_32_BIT_CONVERSION = YES;
				GCC_WARN_ABOUT_RETURN_TYPE = YES_ERROR;
				GCC_WARN_UNDECLARED_SELECTOR = YES;
				GCC_WARN_UNINITIALIZED_AUTOS = YES_AGGRESSIVE;
				GCC_WARN_UNUSED_FUNCTION = YES;
				GCC_WARN_UNUSED_VARIABLE = YES;
				IPHONEOS_DEPLOYMENT_TARGET = 10.2;
				MTL_ENABLE_DEBUG_INFO = YES;
				ONLY_ACTIVE_ARCH = YES;
				SDKROOT = iphoneos;
				SWIFT_ACTIVE_COMPILATION_CONDITIONS = DEBUG;
				SWIFT_OPTIMIZATION_LEVEL = "-Onone";
			};
			name = Debug;
		};
		E317A46A1E46CEF30000417A /* Release */ = {
			isa = XCBuildConfiguration;
			buildSettings = {
				ALWAYS_SEARCH_USER_PATHS = NO;
				CLANG_ANALYZER_NONNULL = YES;
				CLANG_CXX_LANGUAGE_STANDARD = "gnu++0x";
				CLANG_CXX_LIBRARY = "libc++";
				CLANG_ENABLE_MODULES = YES;
				CLANG_ENABLE_OBJC_ARC = YES;
				CLANG_WARN_BOOL_CONVERSION = YES;
				CLANG_WARN_CONSTANT_CONVERSION = YES;
				CLANG_WARN_DIRECT_OBJC_ISA_USAGE = YES_ERROR;
				CLANG_WARN_DOCUMENTATION_COMMENTS = YES;
				CLANG_WARN_EMPTY_BODY = YES;
				CLANG_WARN_ENUM_CONVERSION = YES;
				CLANG_WARN_INFINITE_RECURSION = YES;
				CLANG_WARN_INT_CONVERSION = YES;
				CLANG_WARN_OBJC_ROOT_CLASS = YES_ERROR;
				CLANG_WARN_SUSPICIOUS_MOVE = YES;
				CLANG_WARN_UNREACHABLE_CODE = YES;
				CLANG_WARN__DUPLICATE_METHOD_MATCH = YES;
				"CODE_SIGN_IDENTITY[sdk=iphoneos*]" = "iPhone Developer";
				COPY_PHASE_STRIP = NO;
				DEBUG_INFORMATION_FORMAT = "dwarf-with-dsym";
				ENABLE_NS_ASSERTIONS = NO;
				ENABLE_STRICT_OBJC_MSGSEND = YES;
				GCC_C_LANGUAGE_STANDARD = gnu99;
				GCC_NO_COMMON_BLOCKS = YES;
				GCC_WARN_64_TO_32_BIT_CONVERSION = YES;
				GCC_WARN_ABOUT_RETURN_TYPE = YES_ERROR;
				GCC_WARN_UNDECLARED_SELECTOR = YES;
				GCC_WARN_UNINITIALIZED_AUTOS = YES_AGGRESSIVE;
				GCC_WARN_UNUSED_FUNCTION = YES;
				GCC_WARN_UNUSED_VARIABLE = YES;
				IPHONEOS_DEPLOYMENT_TARGET = 10.2;
				MTL_ENABLE_DEBUG_INFO = NO;
				SDKROOT = iphoneos;
				SWIFT_OPTIMIZATION_LEVEL = "-Owholemodule";
				VALIDATE_PRODUCT = YES;
			};
			name = Release;
		};
		E317A46C1E46CEF30000417A /* Debug */ = {
			isa = XCBuildConfiguration;
			buildSettings = {
				ASSETCATALOG_COMPILER_APPICON_NAME = AppIcon;
				INFOPLIST_FILE = BrushSelector/Info.plist;
				LD_RUNPATH_SEARCH_PATHS = "$(inherited) @executable_path/Frameworks";
				PRODUCT_BUNDLE_IDENTIFIER = u0844210.BrushSelector;
				PRODUCT_NAME = "$(TARGET_NAME)";
				SWIFT_VERSION = 3.0;
			};
			name = Debug;
		};
		E317A46D1E46CEF30000417A /* Release */ = {
			isa = XCBuildConfiguration;
			buildSettings = {
				ASSETCATALOG_COMPILER_APPICON_NAME = AppIcon;
				INFOPLIST_FILE = BrushSelector/Info.plist;
				LD_RUNPATH_SEARCH_PATHS = "$(inherited) @executable_path/Frameworks";
				PRODUCT_BUNDLE_IDENTIFIER = u0844210.BrushSelector;
				PRODUCT_NAME = "$(TARGET_NAME)";
				SWIFT_VERSION = 3.0;
			};
			name = Release;
		};
/* End XCBuildConfiguration section */

/* Begin XCConfigurationList section */
		E317A4541E46CEF20000417A /* Build configuration list for PBXProject "BrushSelector" */ = {
			isa = XCConfigurationList;
			buildConfigurations = (
				E317A4691E46CEF30000417A /* Debug */,
				E317A46A1E46CEF30000417A /* Release */,
			);
			defaultConfigurationIsVisible = 0;
			defaultConfigurationName = Release;
		};
		E317A46B1E46CEF30000417A /* Build configuration list for PBXNativeTarget "BrushSelector" */ = {
			isa = XCConfigurationList;
			buildConfigurations = (
				E317A46C1E46CEF30000417A /* Debug */,
				E317A46D1E46CEF30000417A /* Release */,
			);
			defaultConfigurationIsVisible = 0;
			defaultConfigurationName = Release;
		};
/* End XCConfigurationList section */
	};
	rootObject = E317A4511E46CEF20000417A /* Project object */;
}
