// !$*UTF8*$!
{
	archiveVersion = 1;
	classes = {
	};
	objectVersion = 46;
	objects = {

/* Begin PBXBuildFile section */
		E304C57F1EB5775D009DF605 /* MonsterModel.xcdatamodeld in Sources */ = {isa = PBXBuildFile; fileRef = E304C57D1EB5775D009DF605 /* MonsterModel.xcdatamodeld */; };
		E36108921E95ED0700B28F03 /* AppDelegate.swift in Sources */ = {isa = PBXBuildFile; fileRef = E36108911E95ED0700B28F03 /* AppDelegate.swift */; };
		E36108941E95ED0700B28F03 /* Controller_MonsterManager.swift in Sources */ = {isa = PBXBuildFile; fileRef = E36108931E95ED0700B28F03 /* Controller_MonsterManager.swift */; };
		E36108971E95ED0700B28F03 /* Main.storyboard in Resources */ = {isa = PBXBuildFile; fileRef = E36108951E95ED0700B28F03 /* Main.storyboard */; };
		E36108991E95ED0700B28F03 /* Assets.xcassets in Resources */ = {isa = PBXBuildFile; fileRef = E36108981E95ED0700B28F03 /* Assets.xcassets */; };
		E361089C1E95ED0700B28F03 /* LaunchScreen.storyboard in Resources */ = {isa = PBXBuildFile; fileRef = E361089A1E95ED0700B28F03 /* LaunchScreen.storyboard */; };
		E36108A41E95ED6700B28F03 /* Model_MonsterManager.swift in Sources */ = {isa = PBXBuildFile; fileRef = E36108A31E95ED6700B28F03 /* Model_MonsterManager.swift */; };
		E3A89D701E9F16B700F1EAC6 /* Controller_MonsterMaker.swift in Sources */ = {isa = PBXBuildFile; fileRef = E3A89D6F1E9F16B700F1EAC6 /* Controller_MonsterMaker.swift */; };
/* End PBXBuildFile section */

/* Begin PBXFileReference section */
		E304C57E1EB5775D009DF605 /* MonsterModel.xcdatamodel */ = {isa = PBXFileReference; lastKnownFileType = wrapper.xcdatamodel; path = MonsterModel.xcdatamodel; sourceTree = "<group>"; };
		E361088E1E95ED0700B28F03 /* TheDungeonMaster.app */ = {isa = PBXFileReference; explicitFileType = wrapper.application; includeInIndex = 0; path = TheDungeonMaster.app; sourceTree = BUILT_PRODUCTS_DIR; };
		E36108911E95ED0700B28F03 /* AppDelegate.swift */ = {isa = PBXFileReference; lastKnownFileType = sourcecode.swift; path = AppDelegate.swift; sourceTree = "<group>"; };
		E36108931E95ED0700B28F03 /* Controller_MonsterManager.swift */ = {isa = PBXFileReference; lastKnownFileType = sourcecode.swift; path = Controller_MonsterManager.swift; sourceTree = "<group>"; };
		E36108961E95ED0700B28F03 /* Base */ = {isa = PBXFileReference; lastKnownFileType = file.storyboard; name = Base; path = Base.lproj/Main.storyboard; sourceTree = "<group>"; };
		E36108981E95ED0700B28F03 /* Assets.xcassets */ = {isa = PBXFileReference; lastKnownFileType = folder.assetcatalog; path = Assets.xcassets; sourceTree = "<group>"; };
		E361089B1E95ED0700B28F03 /* Base */ = {isa = PBXFileReference; lastKnownFileType = file.storyboard; name = Base; path = Base.lproj/LaunchScreen.storyboard; sourceTree = "<group>"; };
		E361089D1E95ED0700B28F03 /* Info.plist */ = {isa = PBXFileReference; lastKnownFileType = text.plist.xml; path = Info.plist; sourceTree = "<group>"; };
		E36108A31E95ED6700B28F03 /* Model_MonsterManager.swift */ = {isa = PBXFileReference; fileEncoding = 4; lastKnownFileType = sourcecode.swift; path = Model_MonsterManager.swift; sourceTree = "<group>"; };
		E3A89D6F1E9F16B700F1EAC6 /* Controller_MonsterMaker.swift */ = {isa = PBXFileReference; fileEncoding = 4; lastKnownFileType = sourcecode.swift; path = Controller_MonsterMaker.swift; sourceTree = "<group>"; };
/* End PBXFileReference section */

/* Begin PBXFrameworksBuildPhase section */
		E361088B1E95ED0700B28F03 /* Frameworks */ = {
			isa = PBXFrameworksBuildPhase;
			buildActionMask = 2147483647;
			files = (
			);
			runOnlyForDeploymentPostprocessing = 0;
		};
/* End PBXFrameworksBuildPhase section */

/* Begin PBXGroup section */
		E36108851E95ED0700B28F03 = {
			isa = PBXGroup;
			children = (
				E36108901E95ED0700B28F03 /* TheDungeonMaster */,
				E361088F1E95ED0700B28F03 /* Products */,
			);
			sourceTree = "<group>";
		};
		E361088F1E95ED0700B28F03 /* Products */ = {
			isa = PBXGroup;
			children = (
				E361088E1E95ED0700B28F03 /* TheDungeonMaster.app */,
			);
			name = Products;
			sourceTree = "<group>";
		};
		E36108901E95ED0700B28F03 /* TheDungeonMaster */ = {
			isa = PBXGroup;
			children = (
				E36108951E95ED0700B28F03 /* Main.storyboard */,
				E36108981E95ED0700B28F03 /* Assets.xcassets */,
				E361089A1E95ED0700B28F03 /* LaunchScreen.storyboard */,
				E361089D1E95ED0700B28F03 /* Info.plist */,
				E36108911E95ED0700B28F03 /* AppDelegate.swift */,
				E3A89D6F1E9F16B700F1EAC6 /* Controller_MonsterMaker.swift */,
				E36108931E95ED0700B28F03 /* Controller_MonsterManager.swift */,
				E304C57D1EB5775D009DF605 /* MonsterModel.xcdatamodeld */,
				E36108A31E95ED6700B28F03 /* Model_MonsterManager.swift */,
			);
			path = TheDungeonMaster;
			sourceTree = "<group>";
		};
/* End PBXGroup section */

/* Begin PBXNativeTarget section */
		E361088D1E95ED0700B28F03 /* TheDungeonMaster */ = {
			isa = PBXNativeTarget;
			buildConfigurationList = E36108A01E95ED0700B28F03 /* Build configuration list for PBXNativeTarget "TheDungeonMaster" */;
			buildPhases = (
				E361088A1E95ED0700B28F03 /* Sources */,
				E361088B1E95ED0700B28F03 /* Frameworks */,
				E361088C1E95ED0700B28F03 /* Resources */,
			);
			buildRules = (
			);
			dependencies = (
			);
			name = TheDungeonMaster;
			productName = TheDungeonMaster;
			productReference = E361088E1E95ED0700B28F03 /* TheDungeonMaster.app */;
			productType = "com.apple.product-type.application";
		};
/* End PBXNativeTarget section */

/* Begin PBXProject section */
		E36108861E95ED0700B28F03 /* Project object */ = {
			isa = PBXProject;
			attributes = {
				LastSwiftUpdateCheck = 0820;
				LastUpgradeCheck = 0820;
				ORGANIZATIONNAME = cs4530;
				TargetAttributes = {
					E361088D1E95ED0700B28F03 = {
						CreatedOnToolsVersion = 8.2;
						ProvisioningStyle = Automatic;
					};
				};
			};
			buildConfigurationList = E36108891E95ED0700B28F03 /* Build configuration list for PBXProject "TheDungeonMaster" */;
			compatibilityVersion = "Xcode 3.2";
			developmentRegion = English;
			hasScannedForEncodings = 0;
			knownRegions = (
				en,
				Base,
			);
			mainGroup = E36108851E95ED0700B28F03;
			productRefGroup = E361088F1E95ED0700B28F03 /* Products */;
			projectDirPath = "";
			projectRoot = "";
			targets = (
				E361088D1E95ED0700B28F03 /* TheDungeonMaster */,
			);
		};
/* End PBXProject section */

/* Begin PBXResourcesBuildPhase section */
		E361088C1E95ED0700B28F03 /* Resources */ = {
			isa = PBXResourcesBuildPhase;
			buildActionMask = 2147483647;
			files = (
				E361089C1E95ED0700B28F03 /* LaunchScreen.storyboard in Resources */,
				E36108991E95ED0700B28F03 /* Assets.xcassets in Resources */,
				E36108971E95ED0700B28F03 /* Main.storyboard in Resources */,
			);
			runOnlyForDeploymentPostprocessing = 0;
		};
/* End PBXResourcesBuildPhase section */

/* Begin PBXSourcesBuildPhase section */
		E361088A1E95ED0700B28F03 /* Sources */ = {
			isa = PBXSourcesBuildPhase;
			buildActionMask = 2147483647;
			files = (
				E36108941E95ED0700B28F03 /* Controller_MonsterManager.swift in Sources */,
				E36108A41E95ED6700B28F03 /* Model_MonsterManager.swift in Sources */,
				E304C57F1EB5775D009DF605 /* MonsterModel.xcdatamodeld in Sources */,
				E36108921E95ED0700B28F03 /* AppDelegate.swift in Sources */,
				E3A89D701E9F16B700F1EAC6 /* Controller_MonsterMaker.swift in Sources */,
			);
			runOnlyForDeploymentPostprocessing = 0;
		};
/* End PBXSourcesBuildPhase section */

/* Begin PBXVariantGroup section */
		E36108951E95ED0700B28F03 /* Main.storyboard */ = {
			isa = PBXVariantGroup;
			children = (
				E36108961E95ED0700B28F03 /* Base */,
			);
			name = Main.storyboard;
			sourceTree = "<group>";
		};
		E361089A1E95ED0700B28F03 /* LaunchScreen.storyboard */ = {
			isa = PBXVariantGroup;
			children = (
				E361089B1E95ED0700B28F03 /* Base */,
			);
			name = LaunchScreen.storyboard;
			sourceTree = "<group>";
		};
/* End PBXVariantGroup section */

/* Begin XCBuildConfiguration section */
		E361089E1E95ED0700B28F03 /* Debug */ = {
			isa = XCBuildConfiguration;
			buildSettings = {
				ALWAYS_SEARCH_USER_PATHS = NO;
				CLANG_ANALYZER_NONNULL = YES;
				CLANG_CXX_LANGUAGE_STANDARD = "gnu++0x";
				CLANG_CXX_LIBRARY = "libc++";
				CLANG_ENABLE_MODULES = YES;
				CLANG_ENABLE_OBJC_ARC = YES;
				CLANG_WARN_BOOL_CONVERSION = YES;
				CLANG_WARN_CONSTANT_CONVERSION = YES;
				CLANG_WARN_DIRECT_OBJC_ISA_USAGE = YES_ERROR;
				CLANG_WARN_DOCUMENTATION_COMMENTS = YES;
				CLANG_WARN_EMPTY_BODY = YES;
				CLANG_WARN_ENUM_CONVERSION = YES;
				CLANG_WARN_INFINITE_RECURSION = YES;
				CLANG_WARN_INT_CONVERSION = YES;
				CLANG_WARN_OBJC_ROOT_CLASS = YES_ERROR;
				CLANG_WARN_SUSPICIOUS_MOVE = YES;
				CLANG_WARN_UNREACHABLE_CODE = YES;
				CLANG_WARN__DUPLICATE_METHOD_MATCH = YES;
				"CODE_SIGN_IDENTITY[sdk=iphoneos*]" = "iPhone Developer";
				COPY_PHASE_STRIP = NO;
				DEBUG_INFORMATION_FORMAT = dwarf;
				ENABLE_STRICT_OBJC_MSGSEND = YES;
				ENABLE_TESTABILITY = YES;
				GCC_C_LANGUAGE_STANDARD = gnu99;
				GCC_DYNAMIC_NO_PIC = NO;
				GCC_NO_COMMON_BLOCKS = YES;
				GCC_OPTIMIZATION_LEVEL = 0;
				GCC_PREPROCESSOR_DEFINITIONS = (
					"DEBUG=1",
					"$(inherited)",
				);
				GCC_WARN_64_TO_32_BIT_CONVERSION = YES;
				GCC_WARN_ABOUT_RETURN_TYPE = YES_ERROR;
				GCC_WARN_UNDECLARED_SELECTOR = YES;
				GCC_WARN_UNINITIALIZED_AUTOS = YES_AGGRESSIVE;
				GCC_WARN_UNUSED_FUNCTION = YES;
				GCC_WARN_UNUSED_VARIABLE = YES;
				IPHONEOS_DEPLOYMENT_TARGET = 10.2;
				MTL_ENABLE_DEBUG_INFO = YES;
				ONLY_ACTIVE_ARCH = YES;
				SDKROOT = iphoneos;
				SWIFT_ACTIVE_COMPILATION_CONDITIONS = DEBUG;
				SWIFT_OPTIMIZATION_LEVEL = "-Onone";
				TARGETED_DEVICE_FAMILY = "1,2";
			};
			name = Debug;
		};
		E361089F1E95ED0700B28F03 /* Release */ = {
			isa = XCBuildConfiguration;
			buildSettings = {
				ALWAYS_SEARCH_USER_PATHS = NO;
				CLANG_ANALYZER_NONNULL = YES;
				CLANG_CXX_LANGUAGE_STANDARD = "gnu++0x";
				CLANG_CXX_LIBRARY = "libc++";
				CLANG_ENABLE_MODULES = YES;
				CLANG_ENABLE_OBJC_ARC = YES;
				CLANG_WARN_BOOL_CONVERSION = YES;
				CLANG_WARN_CONSTANT_CONVERSION = YES;
				CLANG_WARN_DIRECT_OBJC_ISA_USAGE = YES_ERROR;
				CLANG_WARN_DOCUMENTATION_COMMENTS = YES;
				CLANG_WARN_EMPTY_BODY = YES;
				CLANG_WARN_ENUM_CONVERSION = YES;
				CLANG_WARN_INFINITE_RECURSION = YES;
				CLANG_WARN_INT_CONVERSION = YES;
				CLANG_WARN_OBJC_ROOT_CLASS = YES_ERROR;
				CLANG_WARN_SUSPICIOUS_MOVE = YES;
				CLANG_WARN_UNREACHABLE_CODE = YES;
				CLANG_WARN__DUPLICATE_METHOD_MATCH = YES;
				"CODE_SIGN_IDENTITY[sdk=iphoneos*]" = "iPhone Developer";
				COPY_PHASE_STRIP = NO;
				DEBUG_INFORMATION_FORMAT = "dwarf-with-dsym";
				ENABLE_NS_ASSERTIONS = NO;
				ENABLE_STRICT_OBJC_MSGSEND = YES;
				GCC_C_LANGUAGE_STANDARD = gnu99;
				GCC_NO_COMMON_BLOCKS = YES;
				GCC_WARN_64_TO_32_BIT_CONVERSION = YES;
				GCC_WARN_ABOUT_RETURN_TYPE = YES_ERROR;
				GCC_WARN_UNDECLARED_SELECTOR = YES;
				GCC_WARN_UNINITIALIZED_AUTOS = YES_AGGRESSIVE;
				GCC_WARN_UNUSED_FUNCTION = YES;
				GCC_WARN_UNUSED_VARIABLE = YES;
				IPHONEOS_DEPLOYMENT_TARGET = 10.2;
				MTL_ENABLE_DEBUG_INFO = NO;
				SDKROOT = iphoneos;
				SWIFT_OPTIMIZATION_LEVEL = "-Owholemodule";
				TARGETED_DEVICE_FAMILY = "1,2";
				VALIDATE_PRODUCT = YES;
			};
			name = Release;
		};
		E36108A11E95ED0700B28F03 /* Debug */ = {
			isa = XCBuildConfiguration;
			buildSettings = {
				ASSETCATALOG_COMPILER_APPICON_NAME = AppIcon;
				INFOPLIST_FILE = TheDungeonMaster/Info.plist;
				LD_RUNPATH_SEARCH_PATHS = "$(inherited) @executable_path/Frameworks";
				PRODUCT_BUNDLE_IDENTIFIER = u0844210.TheDungeonMaster;
				PRODUCT_NAME = "$(TARGET_NAME)";
				SWIFT_VERSION = 3.0;
			};
			name = Debug;
		};
		E36108A21E95ED0700B28F03 /* Release */ = {
			isa = XCBuildConfiguration;
			buildSettings = {
				ASSETCATALOG_COMPILER_APPICON_NAME = AppIcon;
				INFOPLIST_FILE = TheDungeonMaster/Info.plist;
				LD_RUNPATH_SEARCH_PATHS = "$(inherited) @executable_path/Frameworks";
				PRODUCT_BUNDLE_IDENTIFIER = u0844210.TheDungeonMaster;
				PRODUCT_NAME = "$(TARGET_NAME)";
				SWIFT_VERSION = 3.0;
			};
			name = Release;
		};
/* End XCBuildConfiguration section */

/* Begin XCConfigurationList section */
		E36108891E95ED0700B28F03 /* Build configuration list for PBXProject "TheDungeonMaster" */ = {
			isa = XCConfigurationList;
			buildConfigurations = (
				E361089E1E95ED0700B28F03 /* Debug */,
				E361089F1E95ED0700B28F03 /* Release */,
			);
			defaultConfigurationIsVisible = 0;
			defaultConfigurationName = Release;
		};
		E36108A01E95ED0700B28F03 /* Build configuration list for PBXNativeTarget "TheDungeonMaster" */ = {
			isa = XCConfigurationList;
			buildConfigurations = (
				E36108A11E95ED0700B28F03 /* Debug */,
				E36108A21E95ED0700B28F03 /* Release */,
			);
			defaultConfigurationIsVisible = 0;
			defaultConfigurationName = Release;
		};
/* End XCConfigurationList section */

/* Begin XCVersionGroup section */
		E304C57D1EB5775D009DF605 /* MonsterModel.xcdatamodeld */ = {
			isa = XCVersionGroup;
			children = (
				E304C57E1EB5775D009DF605 /* MonsterModel.xcdatamodel */,
			);
			currentVersion = E304C57E1EB5775D009DF605 /* MonsterModel.xcdatamodel */;
			path = MonsterModel.xcdatamodeld;
			sourceTree = "<group>";
			versionGroupType = wrapper.xcdatamodel;
		};
/* End XCVersionGroup section */
	};
	rootObject = E36108861E95ED0700B28F03 /* Project object */;
}
